
Microsoft Visual Studio Solution File, Format Version 12.00
# Visual Studio Version 17
VisualStudioVersion = 17.11.35312.102
MinimumVisualStudioVersion = 10.0.40219.1
Project("{2150E333-8FDC-42A3-9474-1A3956D46DE8}") = "Week01", "Week01", "{D591945D-AEDB-400A-8C80-002BE16C1E98}"
EndProject
Project("{9A19103F-16F7-4668-BE54-9A1E7A4F7556}") = "Week01_1_Intro", "Week01_1_Intro\Week01_1_Intro.csproj", "{B8B88EA2-216B-4633-96DE-F53F6A486117}"
EndProject
Project("{9A19103F-16F7-4668-BE54-9A1E7A4F7556}") = "Week01_2_Intro_UnitTests", "Week01_2_Intro_UnitTests\Week01_2_Intro_UnitTests.csproj", "{C5E82B39-769A-4C79-B5A2-9052B2BDC9BD}"
EndProject
Project("{9A19103F-16F7-4668-BE54-9A1E7A4F7556}") = "Week01_3_AssemblyDebug", "Week01_3_AssemblyDebug\Week01_3_AssemblyDebug.csproj", "{7ED4D4EE-C282-4435-929F-E19A0F6C7576}"
EndProject
Project("{9A19103F-16F7-4668-BE54-9A1E7A4F7556}") = "Week01_4_Lambda", "Week01_4_Lambda\Week01_4_Lambda.csproj", "{DE32B2BF-38EB-4106-BA65-4446B5B676EE}"
EndProject
Project("{2150E333-8FDC-42A3-9474-1A3956D46DE8}") = "Week02", "Week02", "{69577971-BDEF-4042-8BB5-FEAD9ED6F6D6}"
EndProject
Project("{9A19103F-16F7-4668-BE54-9A1E7A4F7556}") = "Week02_1_Attributes", "Week02_1_Attributes\Week02_1_Attributes.csproj", "{263C9DBC-AF9B-4012-BF43-9B769B26E7F3}"
EndProject
Project("{9A19103F-16F7-4668-BE54-9A1E7A4F7556}") = "Week02_2_Serialization", "Week02_2_Serialization\Week02_2_Serialization.csproj", "{57B51316-2410-43D5-A590-1554960D862A}"
EndProject
Project("{2150E333-8FDC-42A3-9474-1A3956D46DE8}") = "Week03", "Week03", "{2901D8AE-26F6-432F-A1A0-5204D55146BA}"
EndProject
Project("{9A19103F-16F7-4668-BE54-9A1E7A4F7556}") = "Week03_1_Reflection", "Week03_1_Reflection\Week03_1_Reflection.csproj", "{9BDCB645-172F-4970-B7D9-67F9D1484D86}"
EndProject
Project("{9A19103F-16F7-4668-BE54-9A1E7A4F7556}") = "Week03_2_SqlQueryBuilder", "Week03_2_SqlQueryBuilder\Week03_2_SqlQueryBuilder.csproj", "{F2030D2A-2054-4910-A531-0F4FC934A09F}"
EndProject
Project("{9A19103F-16F7-4668-BE54-9A1E7A4F7556}") = "Week03_3_DynamicKeyword", "Week03_3_DynamicKeyword\Week03_3_DynamicKeyword.csproj", "{90DF6074-BBFC-4AAE-B65D-39CAD6E31E45}"
EndProject
Project("{2150E333-8FDC-42A3-9474-1A3956D46DE8}") = "Week04", "Week04", "{279A26CC-B1B8-4037-929C-D1F0E777CB78}"
EndProject
Project("{9A19103F-16F7-4668-BE54-9A1E7A4F7556}") = "Week04_1_Expressions", "Week04_1_Expressions\Week04_1_Expressions.csproj", "{253E7CB9-73B2-4AED-97A0-F859E65907A9}"
EndProject
Project("{9A19103F-16F7-4668-BE54-9A1E7A4F7556}") = "Week04_2_ExpressionVisitors", "Week04_2_ExpressionVisitors\Week04_2_ExpressionVisitors.csproj", "{DBD172F0-4FDF-4A11-B0C1-3AEBC7B1DA1F}"
EndProject
Project("{2150E333-8FDC-42A3-9474-1A3956D46DE8}") = "Week05", "Week05", "{63E53FFA-FD16-4C6D-8C71-30BACFE4EFE9}"
EndProject
Project("{9A19103F-16F7-4668-BE54-9A1E7A4F7556}") = "Week05_1_AsyncEx", "Week05_1_AsyncEx\Week05_1_AsyncEx.csproj", "{4D0C5ADA-3E85-425E-875C-793FB51D153B}"
EndProject
Project("{2150E333-8FDC-42A3-9474-1A3956D46DE8}") = "Week06", "Week06", "{897E5A88-2489-4CFE-9E45-96E0C4909C95}"
EndProject
Project("{9A19103F-16F7-4668-BE54-9A1E7A4F7556}") = "Week06_1_AsyncProgrammingModel", "Week06_1_AsyncProgrammingModel\Week06_1_AsyncProgrammingModel.csproj", "{63D06BE0-3D8B-47E3-8D2A-C72D7D0DB4D0}"
EndProject
Project("{9A19103F-16F7-4668-BE54-9A1E7A4F7556}") = "Week06_2_AsyncDatabaseAccess", "Week06_2_AsyncDatabaseAccess\Week06_2_AsyncDatabaseAccess.csproj", "{9B9ED16C-D0A7-4408-9E64-71B80F63222E}"
EndProject
Project("{2150E333-8FDC-42A3-9474-1A3956D46DE8}") = "Week07", "Week07", "{57CB05A3-4539-4124-B906-4FD227054FAE}"
EndProject
Project("{9A19103F-16F7-4668-BE54-9A1E7A4F7556}") = "Week07_1_HttpListener", "Week07_1_HttpListener\Week07_1_HttpListener.csproj", "{E102CB0F-814B-4EBF-AC7E-414D630B0827}"
EndProject
Project("{9A19103F-16F7-4668-BE54-9A1E7A4F7556}") = "Week07_2_WebAPI", "Week07_2_WebAPI\Week07_2_WebAPI.csproj", "{27CA2317-032D-4EDD-B1B9-8DCDD891DCE9}"
EndProject
Project("{9A19103F-16F7-4668-BE54-9A1E7A4F7556}") = "Week07_3_KestrelWebServer", "Week07_3_KestrelWebServer\Week07_3_KestrelWebServer.csproj", "{FD1D93DA-350B-43F3-AE22-C9BCDE7E6D08}"
EndProject
Project("{9A19103F-16F7-4668-BE54-9A1E7A4F7556}") = "Week07_4_KestrelWebServerShared", "Week07_4_KestrelWebServer.Shared\Week07_4_KestrelWebServerShared.csproj", "{0019799A-B6C4-402D-86A8-397E0F1CD655}"
EndProject
Project("{9A19103F-16F7-4668-BE54-9A1E7A4F7556}") = "Week07_5_KestrelWebServer_Client", "Week07_5_KestrelWebServer.Client\Week07_5_KestrelWebServer_Client.csproj", "{5C27C70B-51A4-4B0C-A0D2-9105B933F585}"
EndProject
Project("{2150E333-8FDC-42A3-9474-1A3956D46DE8}") = "Week08", "Week08", "{537198A1-B9A0-4738-8CB5-EF28A4A810F3}"
EndProject
Project("{9A19103F-16F7-4668-BE54-9A1E7A4F7556}") = "Week08_1_SignalREx", "Week08_1_SignalREx\Week08_1_SignalREx.csproj", "{C6EE19E7-B90F-4DA9-9CF2-04B7E5DB6C06}"
EndProject
Project("{2150E333-8FDC-42A3-9474-1A3956D46DE8}") = "Week09", "Week09", "{CF3532DA-C980-4CA6-9C90-7F442ABACDB9}"
EndProject
Project("{9A19103F-16F7-4668-BE54-9A1E7A4F7556}") = "Week09_1_Multithreading", "Week09_1_Multithreading\Week09_1_Multithreading.csproj", "{894C1EC1-14EC-4828-A80B-9D274D6D536A}"
EndProject
Project("{2150E333-8FDC-42A3-9474-1A3956D46DE8}") = "Week10", "Week10", "{8D123B57-BA13-4207-B870-2B9CD6EED06E}"
EndProject
Project("{9A19103F-16F7-4668-BE54-9A1E7A4F7556}") = "Week10_1_Singleton", "Week10_1_Singleton\Week10_1_Singleton.csproj", "{D1842436-7D7B-4617-9FB9-E6E57304B417}"
EndProject
Project("{9A19103F-16F7-4668-BE54-9A1E7A4F7556}") = "Week10_2_Factory", "Week10_2_Factory\Week10_2_Factory.csproj", "{3AA0801E-D6C1-4126-B5A3-18D63BC0AD13}"
EndProject
Project("{9A19103F-16F7-4668-BE54-9A1E7A4F7556}") = "Week10_3_FactoryMethod", "Week10_3_FactoryMethod\Week10_3_FactoryMethod.csproj", "{F73D0B53-1C9C-4EF1-9067-4854AB7B6359}"
EndProject
Project("{9A19103F-16F7-4668-BE54-9A1E7A4F7556}") = "Week10_4_ChainOfResponsibility", "Week10_4_ChainOfResponsibility\Week10_4_ChainOfResponsibility.csproj", "{D12C3C6D-0829-4000-97C6-2D402EFB00C4}"
EndProject
Project("{9A19103F-16F7-4668-BE54-9A1E7A4F7556}") = "Week10_5_Observer", "Week10_5_Observer\Week10_5_Observer.csproj", "{CCB4D391-EC5B-44C9-897B-724918B50899}"
EndProject
Project("{9A19103F-16F7-4668-BE54-9A1E7A4F7556}") = "Week10_6_CreationalDesignPatterns", "Week10_6_CreationalDesignPatterns\Week10_6_CreationalDesignPatterns.csproj", "{3ACA98EB-BB37-423E-9525-26DF8DB67DED}"
EndProject
Project("{9A19103F-16F7-4668-BE54-9A1E7A4F7556}") = "Week10_7_BehaviouralDesignPatterns", "Week10_7_BehaviouralDesignPatterns\Week10_7_BehaviouralDesignPatterns.csproj", "{0EE3AFD2-1B79-4D7E-BD96-FEFFFDDB0731}"
EndProject
Global
	GlobalSection(SolutionConfigurationPlatforms) = preSolution
		Debug|Any CPU = Debug|Any CPU
		Release|Any CPU = Release|Any CPU
	EndGlobalSection
	GlobalSection(ProjectConfigurationPlatforms) = postSolution
		{B8B88EA2-216B-4633-96DE-F53F6A486117}.Debug|Any CPU.ActiveCfg = Debug|Any CPU
		{B8B88EA2-216B-4633-96DE-F53F6A486117}.Debug|Any CPU.Build.0 = Debug|Any CPU
		{B8B88EA2-216B-4633-96DE-F53F6A486117}.Release|Any CPU.ActiveCfg = Release|Any CPU
		{B8B88EA2-216B-4633-96DE-F53F6A486117}.Release|Any CPU.Build.0 = Release|Any CPU
		{C5E82B39-769A-4C79-B5A2-9052B2BDC9BD}.Debug|Any CPU.ActiveCfg = Debug|Any CPU
		{C5E82B39-769A-4C79-B5A2-9052B2BDC9BD}.Debug|Any CPU.Build.0 = Debug|Any CPU
		{C5E82B39-769A-4C79-B5A2-9052B2BDC9BD}.Release|Any CPU.ActiveCfg = Release|Any CPU
		{C5E82B39-769A-4C79-B5A2-9052B2BDC9BD}.Release|Any CPU.Build.0 = Release|Any CPU
		{7ED4D4EE-C282-4435-929F-E19A0F6C7576}.Debug|Any CPU.ActiveCfg = Debug|Any CPU
		{7ED4D4EE-C282-4435-929F-E19A0F6C7576}.Debug|Any CPU.Build.0 = Debug|Any CPU
		{7ED4D4EE-C282-4435-929F-E19A0F6C7576}.Release|Any CPU.ActiveCfg = Release|Any CPU
		{7ED4D4EE-C282-4435-929F-E19A0F6C7576}.Release|Any CPU.Build.0 = Release|Any CPU
		{DE32B2BF-38EB-4106-BA65-4446B5B676EE}.Debug|Any CPU.ActiveCfg = Debug|Any CPU
		{DE32B2BF-38EB-4106-BA65-4446B5B676EE}.Debug|Any CPU.Build.0 = Debug|Any CPU
		{DE32B2BF-38EB-4106-BA65-4446B5B676EE}.Release|Any CPU.ActiveCfg = Release|Any CPU
		{DE32B2BF-38EB-4106-BA65-4446B5B676EE}.Release|Any CPU.Build.0 = Release|Any CPU
		{263C9DBC-AF9B-4012-BF43-9B769B26E7F3}.Debug|Any CPU.ActiveCfg = Debug|Any CPU
		{263C9DBC-AF9B-4012-BF43-9B769B26E7F3}.Debug|Any CPU.Build.0 = Debug|Any CPU
		{263C9DBC-AF9B-4012-BF43-9B769B26E7F3}.Release|Any CPU.ActiveCfg = Release|Any CPU
		{263C9DBC-AF9B-4012-BF43-9B769B26E7F3}.Release|Any CPU.Build.0 = Release|Any CPU
		{57B51316-2410-43D5-A590-1554960D862A}.Debug|Any CPU.ActiveCfg = Debug|Any CPU
		{57B51316-2410-43D5-A590-1554960D862A}.Debug|Any CPU.Build.0 = Debug|Any CPU
		{57B51316-2410-43D5-A590-1554960D862A}.Release|Any CPU.ActiveCfg = Release|Any CPU
		{57B51316-2410-43D5-A590-1554960D862A}.Release|Any CPU.Build.0 = Release|Any CPU
		{9BDCB645-172F-4970-B7D9-67F9D1484D86}.Debug|Any CPU.ActiveCfg = Debug|Any CPU
		{9BDCB645-172F-4970-B7D9-67F9D1484D86}.Debug|Any CPU.Build.0 = Debug|Any CPU
		{9BDCB645-172F-4970-B7D9-67F9D1484D86}.Release|Any CPU.ActiveCfg = Release|Any CPU
		{9BDCB645-172F-4970-B7D9-67F9D1484D86}.Release|Any CPU.Build.0 = Release|Any CPU
		{F2030D2A-2054-4910-A531-0F4FC934A09F}.Debug|Any CPU.ActiveCfg = Debug|Any CPU
		{F2030D2A-2054-4910-A531-0F4FC934A09F}.Debug|Any CPU.Build.0 = Debug|Any CPU
		{F2030D2A-2054-4910-A531-0F4FC934A09F}.Release|Any CPU.ActiveCfg = Release|Any CPU
		{F2030D2A-2054-4910-A531-0F4FC934A09F}.Release|Any CPU.Build.0 = Release|Any CPU
		{90DF6074-BBFC-4AAE-B65D-39CAD6E31E45}.Debug|Any CPU.ActiveCfg = Debug|Any CPU
		{90DF6074-BBFC-4AAE-B65D-39CAD6E31E45}.Debug|Any CPU.Build.0 = Debug|Any CPU
		{90DF6074-BBFC-4AAE-B65D-39CAD6E31E45}.Release|Any CPU.ActiveCfg = Release|Any CPU
		{90DF6074-BBFC-4AAE-B65D-39CAD6E31E45}.Release|Any CPU.Build.0 = Release|Any CPU
		{253E7CB9-73B2-4AED-97A0-F859E65907A9}.Debug|Any CPU.ActiveCfg = Debug|Any CPU
		{253E7CB9-73B2-4AED-97A0-F859E65907A9}.Debug|Any CPU.Build.0 = Debug|Any CPU
		{253E7CB9-73B2-4AED-97A0-F859E65907A9}.Release|Any CPU.ActiveCfg = Release|Any CPU
		{253E7CB9-73B2-4AED-97A0-F859E65907A9}.Release|Any CPU.Build.0 = Release|Any CPU
		{DBD172F0-4FDF-4A11-B0C1-3AEBC7B1DA1F}.Debug|Any CPU.ActiveCfg = Debug|Any CPU
		{DBD172F0-4FDF-4A11-B0C1-3AEBC7B1DA1F}.Debug|Any CPU.Build.0 = Debug|Any CPU
		{DBD172F0-4FDF-4A11-B0C1-3AEBC7B1DA1F}.Release|Any CPU.ActiveCfg = Release|Any CPU
		{DBD172F0-4FDF-4A11-B0C1-3AEBC7B1DA1F}.Release|Any CPU.Build.0 = Release|Any CPU
		{4D0C5ADA-3E85-425E-875C-793FB51D153B}.Debug|Any CPU.ActiveCfg = Debug|Any CPU
		{4D0C5ADA-3E85-425E-875C-793FB51D153B}.Debug|Any CPU.Build.0 = Debug|Any CPU
		{4D0C5ADA-3E85-425E-875C-793FB51D153B}.Release|Any CPU.ActiveCfg = Release|Any CPU
		{4D0C5ADA-3E85-425E-875C-793FB51D153B}.Release|Any CPU.Build.0 = Release|Any CPU
		{63D06BE0-3D8B-47E3-8D2A-C72D7D0DB4D0}.Debug|Any CPU.ActiveCfg = Debug|Any CPU
		{63D06BE0-3D8B-47E3-8D2A-C72D7D0DB4D0}.Debug|Any CPU.Build.0 = Debug|Any CPU
		{63D06BE0-3D8B-47E3-8D2A-C72D7D0DB4D0}.Release|Any CPU.ActiveCfg = Release|Any CPU
		{63D06BE0-3D8B-47E3-8D2A-C72D7D0DB4D0}.Release|Any CPU.Build.0 = Release|Any CPU
		{9B9ED16C-D0A7-4408-9E64-71B80F63222E}.Debug|Any CPU.ActiveCfg = Debug|Any CPU
		{9B9ED16C-D0A7-4408-9E64-71B80F63222E}.Debug|Any CPU.Build.0 = Debug|Any CPU
		{9B9ED16C-D0A7-4408-9E64-71B80F63222E}.Release|Any CPU.ActiveCfg = Release|Any CPU
		{9B9ED16C-D0A7-4408-9E64-71B80F63222E}.Release|Any CPU.Build.0 = Release|Any CPU
		{E102CB0F-814B-4EBF-AC7E-414D630B0827}.Debug|Any CPU.ActiveCfg = Debug|Any CPU
		{E102CB0F-814B-4EBF-AC7E-414D630B0827}.Debug|Any CPU.Build.0 = Debug|Any CPU
		{E102CB0F-814B-4EBF-AC7E-414D630B0827}.Release|Any CPU.ActiveCfg = Release|Any CPU
		{E102CB0F-814B-4EBF-AC7E-414D630B0827}.Release|Any CPU.Build.0 = Release|Any CPU
		{27CA2317-032D-4EDD-B1B9-8DCDD891DCE9}.Debug|Any CPU.ActiveCfg = Debug|Any CPU
		{27CA2317-032D-4EDD-B1B9-8DCDD891DCE9}.Debug|Any CPU.Build.0 = Debug|Any CPU
		{27CA2317-032D-4EDD-B1B9-8DCDD891DCE9}.Release|Any CPU.ActiveCfg = Release|Any CPU
		{27CA2317-032D-4EDD-B1B9-8DCDD891DCE9}.Release|Any CPU.Build.0 = Release|Any CPU
		{FD1D93DA-350B-43F3-AE22-C9BCDE7E6D08}.Debug|Any CPU.ActiveCfg = Debug|Any CPU
		{FD1D93DA-350B-43F3-AE22-C9BCDE7E6D08}.Debug|Any CPU.Build.0 = Debug|Any CPU
		{FD1D93DA-350B-43F3-AE22-C9BCDE7E6D08}.Release|Any CPU.ActiveCfg = Release|Any CPU
		{FD1D93DA-350B-43F3-AE22-C9BCDE7E6D08}.Release|Any CPU.Build.0 = Release|Any CPU
		{0019799A-B6C4-402D-86A8-397E0F1CD655}.Debug|Any CPU.ActiveCfg = Debug|Any CPU
		{0019799A-B6C4-402D-86A8-397E0F1CD655}.Debug|Any CPU.Build.0 = Debug|Any CPU
		{0019799A-B6C4-402D-86A8-397E0F1CD655}.Release|Any CPU.ActiveCfg = Release|Any CPU
		{0019799A-B6C4-402D-86A8-397E0F1CD655}.Release|Any CPU.Build.0 = Release|Any CPU
		{5C27C70B-51A4-4B0C-A0D2-9105B933F585}.Debug|Any CPU.ActiveCfg = Debug|Any CPU
		{5C27C70B-51A4-4B0C-A0D2-9105B933F585}.Debug|Any CPU.Build.0 = Debug|Any CPU
		{5C27C70B-51A4-4B0C-A0D2-9105B933F585}.Release|Any CPU.ActiveCfg = Release|Any CPU
		{5C27C70B-51A4-4B0C-A0D2-9105B933F585}.Release|Any CPU.Build.0 = Release|Any CPU
		{C6EE19E7-B90F-4DA9-9CF2-04B7E5DB6C06}.Debug|Any CPU.ActiveCfg = Debug|Any CPU
		{C6EE19E7-B90F-4DA9-9CF2-04B7E5DB6C06}.Debug|Any CPU.Build.0 = Debug|Any CPU
		{C6EE19E7-B90F-4DA9-9CF2-04B7E5DB6C06}.Release|Any CPU.ActiveCfg = Release|Any CPU
		{C6EE19E7-B90F-4DA9-9CF2-04B7E5DB6C06}.Release|Any CPU.Build.0 = Release|Any CPU
		{894C1EC1-14EC-4828-A80B-9D274D6D536A}.Debug|Any CPU.ActiveCfg = Debug|Any CPU
		{894C1EC1-14EC-4828-A80B-9D274D6D536A}.Debug|Any CPU.Build.0 = Debug|Any CPU
		{894C1EC1-14EC-4828-A80B-9D274D6D536A}.Release|Any CPU.ActiveCfg = Release|Any CPU
		{894C1EC1-14EC-4828-A80B-9D274D6D536A}.Release|Any CPU.Build.0 = Release|Any CPU
		{D1842436-7D7B-4617-9FB9-E6E57304B417}.Debug|Any CPU.ActiveCfg = Debug|Any CPU
		{D1842436-7D7B-4617-9FB9-E6E57304B417}.Debug|Any CPU.Build.0 = Debug|Any CPU
		{D1842436-7D7B-4617-9FB9-E6E57304B417}.Release|Any CPU.ActiveCfg = Release|Any CPU
		{D1842436-7D7B-4617-9FB9-E6E57304B417}.Release|Any CPU.Build.0 = Release|Any CPU
		{3AA0801E-D6C1-4126-B5A3-18D63BC0AD13}.Debug|Any CPU.ActiveCfg = Debug|Any CPU
		{3AA0801E-D6C1-4126-B5A3-18D63BC0AD13}.Debug|Any CPU.Build.0 = Debug|Any CPU
		{3AA0801E-D6C1-4126-B5A3-18D63BC0AD13}.Release|Any CPU.ActiveCfg = Release|Any CPU
		{3AA0801E-D6C1-4126-B5A3-18D63BC0AD13}.Release|Any CPU.Build.0 = Release|Any CPU
		{F73D0B53-1C9C-4EF1-9067-4854AB7B6359}.Debug|Any CPU.ActiveCfg = Debug|Any CPU
		{F73D0B53-1C9C-4EF1-9067-4854AB7B6359}.Debug|Any CPU.Build.0 = Debug|Any CPU
		{F73D0B53-1C9C-4EF1-9067-4854AB7B6359}.Release|Any CPU.ActiveCfg = Release|Any CPU
		{F73D0B53-1C9C-4EF1-9067-4854AB7B6359}.Release|Any CPU.Build.0 = Release|Any CPU
		{D12C3C6D-0829-4000-97C6-2D402EFB00C4}.Debug|Any CPU.ActiveCfg = Debug|Any CPU
		{D12C3C6D-0829-4000-97C6-2D402EFB00C4}.Debug|Any CPU.Build.0 = Debug|Any CPU
		{D12C3C6D-0829-4000-97C6-2D402EFB00C4}.Release|Any CPU.ActiveCfg = Release|Any CPU
		{D12C3C6D-0829-4000-97C6-2D402EFB00C4}.Release|Any CPU.Build.0 = Release|Any CPU
		{CCB4D391-EC5B-44C9-897B-724918B50899}.Debug|Any CPU.ActiveCfg = Debug|Any CPU
		{CCB4D391-EC5B-44C9-897B-724918B50899}.Debug|Any CPU.Build.0 = Debug|Any CPU
		{CCB4D391-EC5B-44C9-897B-724918B50899}.Release|Any CPU.ActiveCfg = Release|Any CPU
		{CCB4D391-EC5B-44C9-897B-724918B50899}.Release|Any CPU.Build.0 = Release|Any CPU
		{3ACA98EB-BB37-423E-9525-26DF8DB67DED}.Debug|Any CPU.ActiveCfg = Debug|Any CPU
		{3ACA98EB-BB37-423E-9525-26DF8DB67DED}.Debug|Any CPU.Build.0 = Debug|Any CPU
		{3ACA98EB-BB37-423E-9525-26DF8DB67DED}.Release|Any CPU.ActiveCfg = Release|Any CPU
		{3ACA98EB-BB37-423E-9525-26DF8DB67DED}.Release|Any CPU.Build.0 = Release|Any CPU
		{0EE3AFD2-1B79-4D7E-BD96-FEFFFDDB0731}.Debug|Any CPU.ActiveCfg = Debug|Any CPU
		{0EE3AFD2-1B79-4D7E-BD96-FEFFFDDB0731}.Debug|Any CPU.Build.0 = Debug|Any CPU
		{0EE3AFD2-1B79-4D7E-BD96-FEFFFDDB0731}.Release|Any CPU.ActiveCfg = Release|Any CPU
		{0EE3AFD2-1B79-4D7E-BD96-FEFFFDDB0731}.Release|Any CPU.Build.0 = Release|Any CPU
	EndGlobalSection
	GlobalSection(SolutionProperties) = preSolution
		HideSolutionNode = FALSE
	EndGlobalSection
	GlobalSection(NestedProjects) = preSolution
		{B8B88EA2-216B-4633-96DE-F53F6A486117} = {D591945D-AEDB-400A-8C80-002BE16C1E98}
		{C5E82B39-769A-4C79-B5A2-9052B2BDC9BD} = {D591945D-AEDB-400A-8C80-002BE16C1E98}
		{7ED4D4EE-C282-4435-929F-E19A0F6C7576} = {D591945D-AEDB-400A-8C80-002BE16C1E98}
		{DE32B2BF-38EB-4106-BA65-4446B5B676EE} = {D591945D-AEDB-400A-8C80-002BE16C1E98}
		{263C9DBC-AF9B-4012-BF43-9B769B26E7F3} = {69577971-BDEF-4042-8BB5-FEAD9ED6F6D6}
		{57B51316-2410-43D5-A590-1554960D862A} = {69577971-BDEF-4042-8BB5-FEAD9ED6F6D6}
		{9BDCB645-172F-4970-B7D9-67F9D1484D86} = {2901D8AE-26F6-432F-A1A0-5204D55146BA}
		{F2030D2A-2054-4910-A531-0F4FC934A09F} = {2901D8AE-26F6-432F-A1A0-5204D55146BA}
		{90DF6074-BBFC-4AAE-B65D-39CAD6E31E45} = {2901D8AE-26F6-432F-A1A0-5204D55146BA}
		{253E7CB9-73B2-4AED-97A0-F859E65907A9} = {279A26CC-B1B8-4037-929C-D1F0E777CB78}
		{DBD172F0-4FDF-4A11-B0C1-3AEBC7B1DA1F} = {279A26CC-B1B8-4037-929C-D1F0E777CB78}
		{4D0C5ADA-3E85-425E-875C-793FB51D153B} = {63E53FFA-FD16-4C6D-8C71-30BACFE4EFE9}
		{63D06BE0-3D8B-47E3-8D2A-C72D7D0DB4D0} = {897E5A88-2489-4CFE-9E45-96E0C4909C95}
		{9B9ED16C-D0A7-4408-9E64-71B80F63222E} = {897E5A88-2489-4CFE-9E45-96E0C4909C95}
		{E102CB0F-814B-4EBF-AC7E-414D630B0827} = {57CB05A3-4539-4124-B906-4FD227054FAE}
		{27CA2317-032D-4EDD-B1B9-8DCDD891DCE9} = {57CB05A3-4539-4124-B906-4FD227054FAE}
		{FD1D93DA-350B-43F3-AE22-C9BCDE7E6D08} = {57CB05A3-4539-4124-B906-4FD227054FAE}
		{0019799A-B6C4-402D-86A8-397E0F1CD655} = {57CB05A3-4539-4124-B906-4FD227054FAE}
		{5C27C70B-51A4-4B0C-A0D2-9105B933F585} = {57CB05A3-4539-4124-B906-4FD227054FAE}
		{C6EE19E7-B90F-4DA9-9CF2-04B7E5DB6C06} = {537198A1-B9A0-4738-8CB5-EF28A4A810F3}
		{894C1EC1-14EC-4828-A80B-9D274D6D536A} = {CF3532DA-C980-4CA6-9C90-7F442ABACDB9}
		{D1842436-7D7B-4617-9FB9-E6E57304B417} = {8D123B57-BA13-4207-B870-2B9CD6EED06E}
		{3AA0801E-D6C1-4126-B5A3-18D63BC0AD13} = {8D123B57-BA13-4207-B870-2B9CD6EED06E}
		{F73D0B53-1C9C-4EF1-9067-4854AB7B6359} = {8D123B57-BA13-4207-B870-2B9CD6EED06E}
		{D12C3C6D-0829-4000-97C6-2D402EFB00C4} = {8D123B57-BA13-4207-B870-2B9CD6EED06E}
		{CCB4D391-EC5B-44C9-897B-724918B50899} = {8D123B57-BA13-4207-B870-2B9CD6EED06E}
		{3ACA98EB-BB37-423E-9525-26DF8DB67DED} = {8D123B57-BA13-4207-B870-2B9CD6EED06E}
		{0EE3AFD2-1B79-4D7E-BD96-FEFFFDDB0731} = {8D123B57-BA13-4207-B870-2B9CD6EED06E}
	EndGlobalSection
	GlobalSection(ExtensibilityGlobals) = postSolution
		SolutionGuid = {58391DA5-B19F-4F74-A47D-4CBFC19C5F71}
	EndGlobalSection
EndGlobal
