
Microsoft Visual Studio Solution File, Format Version 12.00
# Visual Studio Version 17
VisualStudioVersion = 17.11.35312.102
MinimumVisualStudioVersion = 10.0.40219.1
Project("{2150E333-8FDC-42A3-9474-1A3956D46DE8}") = "Week01", "Week01", "{D591945D-AEDB-400A-8C80-002BE16C1E98}"
EndProject
Project("{9A19103F-16F7-4668-BE54-9A1E7A4F7556}") = "Week01_1_Intro", "Week01_1_Intro\Week01_1_Intro.csproj", "{B8B88EA2-216B-4633-96DE-F53F6A486117}"
EndProject
Project("{9A19103F-16F7-4668-BE54-9A1E7A4F7556}") = "Week01_2_Intro_UnitTests", "Week01_2_Intro_UnitTests\Week01_2_Intro_UnitTests.csproj", "{C5E82B39-769A-4C79-B5A2-9052B2BDC9BD}"
EndProject
Project("{9A19103F-16F7-4668-BE54-9A1E7A4F7556}") = "Week01_3_AssemblyDebug", "Week01_3_AssemblyDebug\Week01_3_AssemblyDebug.csproj", "{7ED4D4EE-C282-4435-929F-E19A0F6C7576}"
EndProject
Project("{9A19103F-16F7-4668-BE54-9A1E7A4F7556}") = "Week01_4_Lambda", "Week01_4_Lambda\Week01_4_Lambda.csproj", "{DE32B2BF-38EB-4106-BA65-4446B5B676EE}"
EndProject
Project("{2150E333-8FDC-42A3-9474-1A3956D46DE8}") = "Week02", "Week02", "{69577971-BDEF-4042-8BB5-FEAD9ED6F6D6}"
EndProject
Project("{9A19103F-16F7-4668-BE54-9A1E7A4F7556}") = "Week02_1_Attributes", "Week02_1_Attributes\Week02_1_Attributes.csproj", "{263C9DBC-AF9B-4012-BF43-9B769B26E7F3}"
EndProject
Project("{9A19103F-16F7-4668-BE54-9A1E7A4F7556}") = "Week02_2_Serialization", "Week02_2_Serialization\Week02_2_Serialization.csproj", "{57B51316-2410-43D5-A590-1554960D862A}"
EndProject
Project("{2150E333-8FDC-42A3-9474-1A3956D46DE8}") = "Week03", "Week03", "{2901D8AE-26F6-432F-A1A0-5204D55146BA}"
EndProject
Project("{FAE04EC0-301F-11D3-BF4B-00C04F79EFBC}") = "Week03_1_Reflection", "Week03_1_Reflection\Week03_1_Reflection.csproj", "{9BDCB645-172F-4970-B7D9-67F9D1484D86}"
EndProject
Global
	GlobalSection(SolutionConfigurationPlatforms) = preSolution
		Debug|Any CPU = Debug|Any CPU
		Release|Any CPU = Release|Any CPU
	EndGlobalSection
	GlobalSection(ProjectConfigurationPlatforms) = postSolution
		{B8B88EA2-216B-4633-96DE-F53F6A486117}.Debug|Any CPU.ActiveCfg = Debug|Any CPU
		{B8B88EA2-216B-4633-96DE-F53F6A486117}.Debug|Any CPU.Build.0 = Debug|Any CPU
		{B8B88EA2-216B-4633-96DE-F53F6A486117}.Release|Any CPU.ActiveCfg = Release|Any CPU
		{B8B88EA2-216B-4633-96DE-F53F6A486117}.Release|Any CPU.Build.0 = Release|Any CPU
		{C5E82B39-769A-4C79-B5A2-9052B2BDC9BD}.Debug|Any CPU.ActiveCfg = Debug|Any CPU
		{C5E82B39-769A-4C79-B5A2-9052B2BDC9BD}.Debug|Any CPU.Build.0 = Debug|Any CPU
		{C5E82B39-769A-4C79-B5A2-9052B2BDC9BD}.Release|Any CPU.ActiveCfg = Release|Any CPU
		{C5E82B39-769A-4C79-B5A2-9052B2BDC9BD}.Release|Any CPU.Build.0 = Release|Any CPU
		{7ED4D4EE-C282-4435-929F-E19A0F6C7576}.Debug|Any CPU.ActiveCfg = Debug|Any CPU
		{7ED4D4EE-C282-4435-929F-E19A0F6C7576}.Debug|Any CPU.Build.0 = Debug|Any CPU
		{7ED4D4EE-C282-4435-929F-E19A0F6C7576}.Release|Any CPU.ActiveCfg = Release|Any CPU
		{7ED4D4EE-C282-4435-929F-E19A0F6C7576}.Release|Any CPU.Build.0 = Release|Any CPU
		{DE32B2BF-38EB-4106-BA65-4446B5B676EE}.Debug|Any CPU.ActiveCfg = Debug|Any CPU
		{DE32B2BF-38EB-4106-BA65-4446B5B676EE}.Debug|Any CPU.Build.0 = Debug|Any CPU
		{DE32B2BF-38EB-4106-BA65-4446B5B676EE}.Release|Any CPU.ActiveCfg = Release|Any CPU
		{DE32B2BF-38EB-4106-BA65-4446B5B676EE}.Release|Any CPU.Build.0 = Release|Any CPU
		{263C9DBC-AF9B-4012-BF43-9B769B26E7F3}.Debug|Any CPU.ActiveCfg = Debug|Any CPU
		{263C9DBC-AF9B-4012-BF43-9B769B26E7F3}.Debug|Any CPU.Build.0 = Debug|Any CPU
		{263C9DBC-AF9B-4012-BF43-9B769B26E7F3}.Release|Any CPU.ActiveCfg = Release|Any CPU
		{263C9DBC-AF9B-4012-BF43-9B769B26E7F3}.Release|Any CPU.Build.0 = Release|Any CPU
		{57B51316-2410-43D5-A590-1554960D862A}.Debug|Any CPU.ActiveCfg = Debug|Any CPU
		{57B51316-2410-43D5-A590-1554960D862A}.Debug|Any CPU.Build.0 = Debug|Any CPU
		{57B51316-2410-43D5-A590-1554960D862A}.Release|Any CPU.ActiveCfg = Release|Any CPU
		{57B51316-2410-43D5-A590-1554960D862A}.Release|Any CPU.Build.0 = Release|Any CPU
		{9BDCB645-172F-4970-B7D9-67F9D1484D86}.Debug|Any CPU.ActiveCfg = Debug|Any CPU
		{9BDCB645-172F-4970-B7D9-67F9D1484D86}.Debug|Any CPU.Build.0 = Debug|Any CPU
		{9BDCB645-172F-4970-B7D9-67F9D1484D86}.Release|Any CPU.ActiveCfg = Release|Any CPU
		{9BDCB645-172F-4970-B7D9-67F9D1484D86}.Release|Any CPU.Build.0 = Release|Any CPU
	EndGlobalSection
	GlobalSection(SolutionProperties) = preSolution
		HideSolutionNode = FALSE
	EndGlobalSection
	GlobalSection(NestedProjects) = preSolution
		{B8B88EA2-216B-4633-96DE-F53F6A486117} = {D591945D-AEDB-400A-8C80-002BE16C1E98}
		{C5E82B39-769A-4C79-B5A2-9052B2BDC9BD} = {D591945D-AEDB-400A-8C80-002BE16C1E98}
		{7ED4D4EE-C282-4435-929F-E19A0F6C7576} = {D591945D-AEDB-400A-8C80-002BE16C1E98}
		{DE32B2BF-38EB-4106-BA65-4446B5B676EE} = {D591945D-AEDB-400A-8C80-002BE16C1E98}
		{263C9DBC-AF9B-4012-BF43-9B769B26E7F3} = {69577971-BDEF-4042-8BB5-FEAD9ED6F6D6}
		{57B51316-2410-43D5-A590-1554960D862A} = {69577971-BDEF-4042-8BB5-FEAD9ED6F6D6}
		{9BDCB645-172F-4970-B7D9-67F9D1484D86} = {2901D8AE-26F6-432F-A1A0-5204D55146BA}
	EndGlobalSection
	GlobalSection(ExtensibilityGlobals) = postSolution
		SolutionGuid = {58391DA5-B19F-4F74-A47D-4CBFC19C5F71}
	EndGlobalSection
EndGlobal
